
Microsoft Visual Studio Solution File, Format Version 12.00
# Visual Studio Version 16
VisualStudioVersion = 16.0.29613.14
MinimumVisualStudioVersion = 10.0.40219.1
Project("{FAE04EC0-301F-11D3-BF4B-00C04F79EFBC}") = "SampleApp", "SampleApp\SampleApp.csproj", "{8DBAAE47-BF66-4C7F-BD36-16D7694D08CF}"
EndProject
Global
	GlobalSection(SolutionConfigurationPlatforms) = preSolution
		Debug|Any CPU = Debug|Any CPU
		Release|Any CPU = Release|Any CPU
	EndGlobalSection
	GlobalSection(ProjectConfigurationPlatforms) = postSolution
		{8DBAAE47-BF66-4C7F-BD36-16D7694D08CF}.Debug|Any CPU.ActiveCfg = Debug|Any CPU
		{8DBAAE47-BF66-4C7F-BD36-16D7694D08CF}.Debug|Any CPU.Build.0 = Debug|Any CPU
		{8DBAAE47-BF66-4C7F-BD36-16D7694D08CF}.Release|Any CPU.ActiveCfg = Release|Any CPU
		{8DBAAE47-BF66-4C7F-BD36-16D7694D08CF}.Release|Any CPU.Build.0 = Release|Any CPU
	EndGlobalSection
	GlobalSection(SolutionProperties) = preSolution
		HideSolutionNode = FALSE
	EndGlobalSection
	GlobalSection(ExtensibilityGlobals) = postSolution
		SolutionGuid = {228418A0-200C-4877-AF0E-8E2AC2197232}
	EndGlobalSection
EndGlobal
